// !$*UTF8*$!
{
	archiveVersion = 1;
	classes = {
	};
	objectVersion = 46;
	objects = {

/* Begin PBXBuildFile section */
		1D3623260D0F684500981E51 /* MeemiAppDelegate.m in Sources */ = {isa = PBXBuildFile; fileRef = 1D3623250D0F684500981E51 /* MeemiAppDelegate.m */; };
		1D60589B0D05DD56006BFB54 /* main.m in Sources */ = {isa = PBXBuildFile; fileRef = 29B97316FDCFA39411CA2CEA /* main.m */; };
		1D60589F0D05DD5A006BFB54 /* Foundation.framework in Frameworks */ = {isa = PBXBuildFile; fileRef = 1D30AB110D05D00D00671497 /* Foundation.framework */; };
		1DF5F4E00D08C38300B7A737 /* UIKit.framework in Frameworks */ = {isa = PBXBuildFile; fileRef = 1DF5F4DF0D08C38300B7A737 /* UIKit.framework */; };
		288765080DF74369002DB57D /* CoreGraphics.framework in Frameworks */ = {isa = PBXBuildFile; fileRef = 288765070DF74369002DB57D /* CoreGraphics.framework */; };
		28AD73880D9D96C1002E5188 /* MainWindow.xib in Resources */ = {isa = PBXBuildFile; fileRef = 28AD73870D9D96C1002E5188 /* MainWindow.xib */; };
		6443B082116B824200C16EEF /* MemeCell.xib in Resources */ = {isa = PBXBuildFile; fileRef = 6443B081116B824200C16EEF /* MemeCell.xib */; };
		6467C6BD11907D3D00F86F0E /* star.png in Resources */ = {isa = PBXBuildFile; fileRef = 6467C6BC11907D3D00F86F0E /* star.png */; };
		64A973E811D119B50082F60E /* Localizable.strings in Resources */ = {isa = PBXBuildFile; fileRef = 64A973E711D119B50082F60E /* Localizable.strings */; };
		64BA4A6D11B580A3003EE522 /* magnifying-glass.png in Resources */ = {isa = PBXBuildFile; fileRef = 64BA4A6C11B580A3003EE522 /* magnifying-glass.png */; };
		C00ACDAE119F2F3B002C5CC0 /* LockForSegmented.png in Resources */ = {isa = PBXBuildFile; fileRef = C00ACDAD119F2F3B002C5CC0 /* LockForSegmented.png */; };
		C00ACDCE119F31CC002C5CC0 /* HomeForSegmented.png in Resources */ = {isa = PBXBuildFile; fileRef = C00ACDCD119F31CC002C5CC0 /* HomeForSegmented.png */; };
		C00C6C3311B5C3FD00F55726 /* fondino.png in Resources */ = {isa = PBXBuildFile; fileRef = C00C6C3211B5C3FD00F55726 /* fondino.png */; };
		C00DDAA411AD649000363B95 /* RegexKitLite.m in Sources */ = {isa = PBXBuildFile; fileRef = C00DDAA311AD649000363B95 /* RegexKitLite.m */; };
		C01AEDC311D2C098007009AD /* SettingsController.xib in Resources */ = {isa = PBXBuildFile; fileRef = C01AEDC211D2C098007009AD /* SettingsController.xib */; };
		C01AEE0E11D2C40F007009AD /* ImageSender.xib in Resources */ = {isa = PBXBuildFile; fileRef = C01AEE0D11D2C40F007009AD /* ImageSender.xib */; };
		C01AEE2611D2C615007009AD /* TextSender.xib in Resources */ = {isa = PBXBuildFile; fileRef = C01AEE2511D2C615007009AD /* TextSender.xib */; };
		C01AEE2C11D2C6AC007009AD /* AboutBox.xib in Resources */ = {isa = PBXBuildFile; fileRef = C01AEE2B11D2C6AC007009AD /* AboutBox.xib */; };
		C0256C8F11A8037900DF4706 /* Nothing.png in Resources */ = {isa = PBXBuildFile; fileRef = C0256C8E11A8037900DF4706 /* Nothing.png */; };
		C02AF12D11747FC500E76A8A /* AWindowThatDetectsShakes.m in Sources */ = {isa = PBXBuildFile; fileRef = C02AF12C11747FC500E76A8A /* AWindowThatDetectsShakes.m */; };
		C0327FD611BBC450008A3591 /* FavoriteButton.png in Resources */ = {isa = PBXBuildFile; fileRef = C0327FD211BBC450008A3591 /* FavoriteButton.png */; };
		C0327FD711BBC450008A3591 /* FavoriteSign.png in Resources */ = {isa = PBXBuildFile; fileRef = C0327FD311BBC450008A3591 /* FavoriteSign.png */; };
		C0327FD811BBC450008A3591 /* ReshareButton.png in Resources */ = {isa = PBXBuildFile; fileRef = C0327FD411BBC450008A3591 /* ReshareButton.png */; };
		C0327FD911BBC450008A3591 /* ReshareSign.png in Resources */ = {isa = PBXBuildFile; fileRef = C0327FD511BBC450008A3591 /* ReshareSign.png */; };
		C032800F11BBD401008A3591 /* UserForSegmented.png in Resources */ = {isa = PBXBuildFile; fileRef = C032800E11BBD401008A3591 /* UserForSegmented.png */; };
		C032802211BBD83B008A3591 /* memeSemplice.png in Resources */ = {isa = PBXBuildFile; fileRef = C032802111BBD83B008A3591 /* memeSemplice.png */; };
		C033E31311B32B5400233505 /* BlackFlag.png in Resources */ = {isa = PBXBuildFile; fileRef = C033E31111B32B5400233505 /* BlackFlag.png */; };
		C033E31411B32B5400233505 /* WhiteFlag.png in Resources */ = {isa = PBXBuildFile; fileRef = C033E31211B32B5400233505 /* WhiteFlag.png */; };
		C03E6448115A560600CF2B91 /* AboutBox.m in Sources */ = {isa = PBXBuildFile; fileRef = C03E6446115A560600CF2B91 /* AboutBox.m */; };
		C045C046116F43DA00BEDCCC /* camera-verysmall.png in Resources */ = {isa = PBXBuildFile; fileRef = C045C045116F43DA00BEDCCC /* camera-verysmall.png */; };
		C045C04C116F453000BEDCCC /* video-verysmall.png in Resources */ = {isa = PBXBuildFile; fileRef = C045C04B116F453000BEDCCC /* video-verysmall.png */; };
		C045C066116F57C300BEDCCC /* 02-redo.png in Resources */ = {isa = PBXBuildFile; fileRef = C045C065116F57C300BEDCCC /* 02-redo.png */; };
		C045C06C116F59B400BEDCCC /* link-verysmall.png in Resources */ = {isa = PBXBuildFile; fileRef = C045C06B116F59B400BEDCCC /* link-verysmall.png */; };
		C045C165116F6C8400BEDCCC /* MemeOnWeb.m in Sources */ = {isa = PBXBuildFile; fileRef = C045C163116F6C8400BEDCCC /* MemeOnWeb.m */; };
		C045C166116F6C8400BEDCCC /* MemeOnWeb.xib in Resources */ = {isa = PBXBuildFile; fileRef = C045C164116F6C8400BEDCCC /* MemeOnWeb.xib */; };
		C045C222116F74F900BEDCCC /* UserDetail.m in Sources */ = {isa = PBXBuildFile; fileRef = C045C220116F74F900BEDCCC /* UserDetail.m */; };
		C045C223116F74F900BEDCCC /* UserDetail.xib in Resources */ = {isa = PBXBuildFile; fileRef = C045C221116F74F900BEDCCC /* UserDetail.xib */; };
		C045C277116F798600BEDCCC /* UserProfile.m in Sources */ = {isa = PBXBuildFile; fileRef = C045C275116F798600BEDCCC /* UserProfile.m */; };
		C045C278116F798600BEDCCC /* UserProfile.xib in Resources */ = {isa = PBXBuildFile; fileRef = C045C276116F798600BEDCCC /* UserProfile.xib */; };
		C05188F111A016F700BA6F52 /* headerView.xib in Resources */ = {isa = PBXBuildFile; fileRef = C05188F011A016F700BA6F52 /* headerView.xib */; };
		C053D3CA1165DA91001AC0B6 /* WithFriendsController.m in Sources */ = {isa = PBXBuildFile; fileRef = C053D3C81165DA91001AC0B6 /* WithFriendsController.m */; };
		C0574FBA11A67BD700572B73 /* Checkmark.png in Resources */ = {isa = PBXBuildFile; fileRef = C0574FB911A67BD700572B73 /* Checkmark.png */; };
		C0574FC411A67CD300572B73 /* StartForSegmented.png in Resources */ = {isa = PBXBuildFile; fileRef = C0574FC311A67CD300572B73 /* StartForSegmented.png */; };
		C06512531161F4E300B68198 /* CoreData.framework in Frameworks */ = {isa = PBXBuildFile; fileRef = C06512521161F4E300B68198 /* CoreData.framework */; };
		C078B4AB11BE8EB20048BC70 /* Meme.m in Sources */ = {isa = PBXBuildFile; fileRef = C078B4AA11BE8EB20048BC70 /* Meme.m */; };
		C07ED92C1151429000311726 /* Icon.png in Resources */ = {isa = PBXBuildFile; fileRef = C07ED92B1151429000311726 /* Icon.png */; };
		C07ED93D1151470A00311726 /* SettingsController.m in Sources */ = {isa = PBXBuildFile; fileRef = C07ED93B1151470A00311726 /* SettingsController.m */; };
		C08DE7551188A1C00052237F /* icon-lock2.png in Resources */ = {isa = PBXBuildFile; fileRef = C08DE7541188A1C00052237F /* icon-lock2.png */; };
		C091860B11542D0D00C2C5A4 /* logo.png in Resources */ = {isa = PBXBuildFile; fileRef = C091860A11542D0D00C2C5A4 /* logo.png */; };
		C091860F11542EC400C2C5A4 /* ToolBar-Meemi.png in Resources */ = {isa = PBXBuildFile; fileRef = C091860E11542EC400C2C5A4 /* ToolBar-Meemi.png */; };
		C0918611115431C600C2C5A4 /* 20-gear2.png in Resources */ = {isa = PBXBuildFile; fileRef = C0918610115431C600C2C5A4 /* 20-gear2.png */; };
		C0918626115438A000C2C5A4 /* Default.png in Resources */ = {isa = PBXBuildFile; fileRef = C0918625115438A000C2C5A4 /* Default.png */; };
		C0918688115442BC00C2C5A4 /* ImageSender.m in Sources */ = {isa = PBXBuildFile; fileRef = C0918686115442BC00C2C5A4 /* ImageSender.m */; };
		C0A1D55011582F1200071314 /* CoreLocation.framework in Frameworks */ = {isa = PBXBuildFile; fileRef = C0A1D54F11582F1200071314 /* CoreLocation.framework */; };
		C0A42C8A125116F400FB5A3F /* fondino@2x.png in Resources */ = {isa = PBXBuildFile; fileRef = C0A42C89125116F300FB5A3F /* fondino@2x.png */; };
		C0A42C8C1251170A00FB5A3F /* Default@2x.png in Resources */ = {isa = PBXBuildFile; fileRef = C0A42C8B1251170A00FB5A3F /* Default@2x.png */; };
		C0A42C931251174100FB5A3F /* Icon-Small-50.png in Resources */ = {isa = PBXBuildFile; fileRef = C0A42C8E1251174100FB5A3F /* Icon-Small-50.png */; };
		C0A42C941251174100FB5A3F /* Icon-Small.png in Resources */ = {isa = PBXBuildFile; fileRef = C0A42C8F1251174100FB5A3F /* Icon-Small.png */; };
		C0A42C951251174100FB5A3F /* Icon-Small@2x.png in Resources */ = {isa = PBXBuildFile; fileRef = C0A42C901251174100FB5A3F /* Icon-Small@2x.png */; };
		C0A42C961251174100FB5A3F /* Icon-72.png in Resources */ = {isa = PBXBuildFile; fileRef = C0A42C911251174100FB5A3F /* Icon-72.png */; };
		C0A42C971251174100FB5A3F /* Icon@2x.png in Resources */ = {isa = PBXBuildFile; fileRef = C0A42C921251174100FB5A3F /* Icon@2x.png */; };
		C0A42CA31251198C00FB5A3F /* ToolBar-Meemi@2x.png in Resources */ = {isa = PBXBuildFile; fileRef = C0A42CA21251198C00FB5A3F /* ToolBar-Meemi@2x.png */; };
		C0A42CA51251199800FB5A3F /* 20-gear2@2x.png in Resources */ = {isa = PBXBuildFile; fileRef = C0A42CA41251199800FB5A3F /* 20-gear2@2x.png */; };
		C0A42CA8125119A300FB5A3F /* video-verysmall@2x.png in Resources */ = {isa = PBXBuildFile; fileRef = C0A42CA6125119A300FB5A3F /* video-verysmall@2x.png */; };
		C0A42CA9125119A300FB5A3F /* camera-verysmall@2x.png in Resources */ = {isa = PBXBuildFile; fileRef = C0A42CA7125119A300FB5A3F /* camera-verysmall@2x.png */; };
		C0A42CAC125119B000FB5A3F /* 02-redo@2x.png in Resources */ = {isa = PBXBuildFile; fileRef = C0A42CAB125119B000FB5A3F /* 02-redo@2x.png */; };
		C0A42CAE125119B700FB5A3F /* link-verysmall@2x.png in Resources */ = {isa = PBXBuildFile; fileRef = C0A42CAD125119B700FB5A3F /* link-verysmall@2x.png */; };
		C0A42CB0125119C100FB5A3F /* icon-lock2@2x.png in Resources */ = {isa = PBXBuildFile; fileRef = C0A42CAF125119C100FB5A3F /* icon-lock2@2x.png */; };
		C0A42CB2125119C800FB5A3F /* memeSemplice@2x.png in Resources */ = {isa = PBXBuildFile; fileRef = C0A42CB1125119C800FB5A3F /* memeSemplice@2x.png */; };
		C0A42CB4125119CE00FB5A3F /* star@2x.png in Resources */ = {isa = PBXBuildFile; fileRef = C0A42CB3125119CE00FB5A3F /* star@2x.png */; };
		C0A42CB6125119D500FB5A3F /* LockForSegmented@2x.png in Resources */ = {isa = PBXBuildFile; fileRef = C0A42CB5125119D500FB5A3F /* LockForSegmented@2x.png */; };
		C0A42CB8125119DD00FB5A3F /* HomeForSegmented@2x.png in Resources */ = {isa = PBXBuildFile; fileRef = C0A42CB7125119DD00FB5A3F /* HomeForSegmented@2x.png */; };
		C0A42CBA125119E400FB5A3F /* Checkmark@2x.png in Resources */ = {isa = PBXBuildFile; fileRef = C0A42CB9125119E400FB5A3F /* Checkmark@2x.png */; };
		C0A42CBC125119EB00FB5A3F /* StartForSegmented@2x.png in Resources */ = {isa = PBXBuildFile; fileRef = C0A42CBB125119EB00FB5A3F /* StartForSegmented@2x.png */; };
		C0A42CBE12511A1200FB5A3F /* WhiteFlag@2x.png in Resources */ = {isa = PBXBuildFile; fileRef = C0A42CBD12511A1200FB5A3F /* WhiteFlag@2x.png */; };
		C0A42CC012511A1A00FB5A3F /* BlackFlag@2x.png in Resources */ = {isa = PBXBuildFile; fileRef = C0A42CBF12511A1A00FB5A3F /* BlackFlag@2x.png */; };
		C0A42CC212511A2200FB5A3F /* magnifying-glass@2x.png in Resources */ = {isa = PBXBuildFile; fileRef = C0A42CC112511A2200FB5A3F /* magnifying-glass@2x.png */; };
		C0A42CC412511A2A00FB5A3F /* ReshareSign@2x.png in Resources */ = {isa = PBXBuildFile; fileRef = C0A42CC312511A2A00FB5A3F /* ReshareSign@2x.png */; };
		C0A42CC612511A3200FB5A3F /* ReshareButton@2x.png in Resources */ = {isa = PBXBuildFile; fileRef = C0A42CC512511A3200FB5A3F /* ReshareButton@2x.png */; };
		C0A42CC812511A3A00FB5A3F /* FavoriteSign@2x.png in Resources */ = {isa = PBXBuildFile; fileRef = C0A42CC712511A3A00FB5A3F /* FavoriteSign@2x.png */; };
		C0A42CCA12511A4000FB5A3F /* FavoriteButton@2x.png in Resources */ = {isa = PBXBuildFile; fileRef = C0A42CC912511A4000FB5A3F /* FavoriteButton@2x.png */; };
		C0A42CCC12511A4700FB5A3F /* UserForSegmented@2x.png in Resources */ = {isa = PBXBuildFile; fileRef = C0A42CCB12511A4700FB5A3F /* UserForSegmented@2x.png */; };
		C0A9C4E711A535CC0057F082 /* LoadAgainMemeCell.xib in Resources */ = {isa = PBXBuildFile; fileRef = C0A9C4E611A535CC0057F082 /* LoadAgainMemeCell.xib */; };
		C0B51D8B11B94B22007C6662 /* UIImage+RoundedCorner.m in Sources */ = {isa = PBXBuildFile; fileRef = C0B51D8811B94B22007C6662 /* UIImage+RoundedCorner.m */; };
		C0B51D9711B957CF007C6662 /* User.m in Sources */ = {isa = PBXBuildFile; fileRef = C0B51D9611B957CF007C6662 /* User.m */; };
		C0BD043B11649D3800391138 /* Meme.xcdatamodel in Sources */ = {isa = PBXBuildFile; fileRef = C0BD043A11649D3800391138 /* Meme.xcdatamodel */; };
		C0CE759F11771F3900A6BBC3 /* PostMeme.xib in Resources */ = {isa = PBXBuildFile; fileRef = C0CE759E11771F3900A6BBC3 /* PostMeme.xib */; };
		C0D67CBF11592261009EA92B /* Entitlements.plist in Resources */ = {isa = PBXBuildFile; fileRef = C0D67CBE11592261009EA92B /* Entitlements.plist */; };
		C0D67CC411592559009EA92B /* iTunesArtwork in Resources */ = {isa = PBXBuildFile; fileRef = C0D67CC311592559009EA92B /* iTunesArtwork */; };
		C0DDFCCE11CFAA2400C2AEA2 /* SFHFKeychainUtils.m in Sources */ = {isa = PBXBuildFile; fileRef = C0DDFCCD11CFAA2400C2AEA2 /* SFHFKeychainUtils.m */; };
		C0DDFCD411CFAD2600C2AEA2 /* Security.framework in Frameworks */ = {isa = PBXBuildFile; fileRef = C0DDFCD311CFAD2600C2AEA2 /* Security.framework */; };
		C0E620261152E12A00E6C079 /* ASIAuthenticationDialog.m in Sources */ = {isa = PBXBuildFile; fileRef = C0E620181152E12A00E6C079 /* ASIAuthenticationDialog.m */; };
		C0E620271152E12A00E6C079 /* ASIFormDataRequest.m in Sources */ = {isa = PBXBuildFile; fileRef = C0E6201A1152E12A00E6C079 /* ASIFormDataRequest.m */; };
		C0E620281152E12A00E6C079 /* ASIHTTPRequest.m in Sources */ = {isa = PBXBuildFile; fileRef = C0E6201C1152E12A00E6C079 /* ASIHTTPRequest.m */; };
		C0E620291152E12A00E6C079 /* ASIInputStream.m in Sources */ = {isa = PBXBuildFile; fileRef = C0E6201F1152E12A00E6C079 /* ASIInputStream.m */; };
		C0E6202A1152E12A00E6C079 /* ASINetworkQueue.m in Sources */ = {isa = PBXBuildFile; fileRef = C0E620211152E12A00E6C079 /* ASINetworkQueue.m */; };
		C0E6202B1152E12A00E6C079 /* ASINSStringAdditions.m in Sources */ = {isa = PBXBuildFile; fileRef = C0E620231152E12A00E6C079 /* ASINSStringAdditions.m */; };
		C0E6202C1152E12A00E6C079 /* Reachability.m in Sources */ = {isa = PBXBuildFile; fileRef = C0E620251152E12A00E6C079 /* Reachability.m */; };
		C0E6202E1152E13E00E6C079 /* CFNetwork.framework in Frameworks */ = {isa = PBXBuildFile; fileRef = C0E6202D1152E13E00E6C079 /* CFNetwork.framework */; };
		C0E620301152E14300E6C079 /* SystemConfiguration.framework in Frameworks */ = {isa = PBXBuildFile; fileRef = C0E6202F1152E14300E6C079 /* SystemConfiguration.framework */; };
		C0E620321152E15000E6C079 /* libz.1.2.3.dylib in Frameworks */ = {isa = PBXBuildFile; fileRef = C0E620311152E15000E6C079 /* libz.1.2.3.dylib */; };
		C0E620431152E36800E6C079 /* Meemi.m in Sources */ = {isa = PBXBuildFile; fileRef = C0E620421152E36800E6C079 /* Meemi.m */; };
		C0E6204A1152E4E100E6C079 /* MobileCoreServices.framework in Frameworks */ = {isa = PBXBuildFile; fileRef = C0E620491152E4E100E6C079 /* MobileCoreServices.framework */; };
		C0F33EEE11A696B400510AEE /* TableBreak.png in Resources */ = {isa = PBXBuildFile; fileRef = C0F33EED11A696B400510AEE /* TableBreak.png */; };
		C0FB56851157B5DD003932F3 /* TextSender.m in Sources */ = {isa = PBXBuildFile; fileRef = C0FB56831157B5DD003932F3 /* TextSender.m */; };
		C0FCF60111D3AC6F0006879C /* WithFriendsController.xib in Resources */ = {isa = PBXBuildFile; fileRef = C0FCF60011D3AC6F0006879C /* WithFriendsController.xib */; };
/* End PBXBuildFile section */

/* Begin PBXFileReference section */
		1D30AB110D05D00D00671497 /* Foundation.framework */ = {isa = PBXFileReference; lastKnownFileType = wrapper.framework; name = Foundation.framework; path = System/Library/Frameworks/Foundation.framework; sourceTree = SDKROOT; };
		1D3623240D0F684500981E51 /* MeemiAppDelegate.h */ = {isa = PBXFileReference; fileEncoding = 4; lastKnownFileType = sourcecode.c.h; path = MeemiAppDelegate.h; sourceTree = "<group>"; };
		1D3623250D0F684500981E51 /* MeemiAppDelegate.m */ = {isa = PBXFileReference; fileEncoding = 4; lastKnownFileType = sourcecode.c.objc; path = MeemiAppDelegate.m; sourceTree = "<group>"; };
		1D6058910D05DD3D006BFB54 /* Meemi.app */ = {isa = PBXFileReference; explicitFileType = wrapper.application; includeInIndex = 0; path = Meemi.app; sourceTree = BUILT_PRODUCTS_DIR; };
		1DF5F4DF0D08C38300B7A737 /* UIKit.framework */ = {isa = PBXFileReference; lastKnownFileType = wrapper.framework; name = UIKit.framework; path = System/Library/Frameworks/UIKit.framework; sourceTree = SDKROOT; };
		288765070DF74369002DB57D /* CoreGraphics.framework */ = {isa = PBXFileReference; lastKnownFileType = wrapper.framework; name = CoreGraphics.framework; path = System/Library/Frameworks/CoreGraphics.framework; sourceTree = SDKROOT; };
		28A0AB4B0D9B1048005BE974 /* Meemi_Prefix.pch */ = {isa = PBXFileReference; fileEncoding = 4; lastKnownFileType = sourcecode.c.h; path = Meemi_Prefix.pch; sourceTree = "<group>"; };
		28AD73870D9D96C1002E5188 /* MainWindow.xib */ = {isa = PBXFileReference; lastKnownFileType = file.xib; path = MainWindow.xib; sourceTree = "<group>"; };
		29B97316FDCFA39411CA2CEA /* main.m */ = {isa = PBXFileReference; fileEncoding = 4; lastKnownFileType = sourcecode.c.objc; path = main.m; sourceTree = "<group>"; };
		6443B081116B824200C16EEF /* MemeCell.xib */ = {isa = PBXFileReference; lastKnownFileType = file.xib; path = MemeCell.xib; sourceTree = "<group>"; };
		6467C6BC11907D3D00F86F0E /* star.png */ = {isa = PBXFileReference; lastKnownFileType = image.png; path = star.png; sourceTree = "<group>"; };
		64A973E411D119970082F60E /* English */ = {isa = PBXFileReference; fileEncoding = 10; lastKnownFileType = text.plist.strings; name = English; path = English.lproj/Localizable.strings; sourceTree = "<group>"; };
		64A973E911D119C00082F60E /* Italian */ = {isa = PBXFileReference; fileEncoding = 10; lastKnownFileType = text.plist.strings; name = Italian; path = Italian.lproj/Localizable.strings; sourceTree = "<group>"; };
		64BA4A6C11B580A3003EE522 /* magnifying-glass.png */ = {isa = PBXFileReference; lastKnownFileType = image.png; path = "magnifying-glass.png"; sourceTree = "<group>"; };
		8D1107310486CEB800E47090 /* Meemi-Info.plist */ = {isa = PBXFileReference; fileEncoding = 4; lastKnownFileType = text.plist.xml; path = "Meemi-Info.plist"; plistStructureDefinitionIdentifier = "com.apple.xcode.plist.structure-definition.iphone.info-plist"; sourceTree = "<group>"; };
		C00ACDAD119F2F3B002C5CC0 /* LockForSegmented.png */ = {isa = PBXFileReference; lastKnownFileType = image.png; path = LockForSegmented.png; sourceTree = "<group>"; };
		C00ACDCD119F31CC002C5CC0 /* HomeForSegmented.png */ = {isa = PBXFileReference; lastKnownFileType = image.png; path = HomeForSegmented.png; sourceTree = "<group>"; };
		C00C6C3211B5C3FD00F55726 /* fondino.png */ = {isa = PBXFileReference; lastKnownFileType = image.png; path = fondino.png; sourceTree = "<group>"; };
		C00DDAA211AD649000363B95 /* RegexKitLite.h */ = {isa = PBXFileReference; fileEncoding = 4; lastKnownFileType = sourcecode.c.h; path = RegexKitLite.h; sourceTree = "<group>"; };
		C00DDAA311AD649000363B95 /* RegexKitLite.m */ = {isa = PBXFileReference; fileEncoding = 4; lastKnownFileType = sourcecode.c.objc; path = RegexKitLite.m; sourceTree = "<group>"; };
		C01AEDC411D2C0A0007009AD /* Italian */ = {isa = PBXFileReference; lastKnownFileType = file.xib; name = Italian; path = Classes/Italian.lproj/SettingsController.xib; sourceTree = "<group>"; };
		C01AEE0F11D2C416007009AD /* Italian */ = {isa = PBXFileReference; lastKnownFileType = file.xib; name = Italian; path = Classes/Italian.lproj/ImageSender.xib; sourceTree = "<group>"; };
		C01AEE2711D2C61C007009AD /* Italian */ = {isa = PBXFileReference; lastKnownFileType = file.xib; name = Italian; path = Classes/Italian.lproj/TextSender.xib; sourceTree = "<group>"; };
		C01AEE2D11D2C6B3007009AD /* Italian */ = {isa = PBXFileReference; lastKnownFileType = file.xib; name = Italian; path = Classes/Italian.lproj/AboutBox.xib; sourceTree = "<group>"; };
		C0256C8E11A8037900DF4706 /* Nothing.png */ = {isa = PBXFileReference; lastKnownFileType = image.png; path = Nothing.png; sourceTree = "<group>"; };
		C02AF12B11747FC500E76A8A /* AWindowThatDetectsShakes.h */ = {isa = PBXFileReference; fileEncoding = 4; lastKnownFileType = sourcecode.c.h; path = AWindowThatDetectsShakes.h; sourceTree = "<group>"; };
		C02AF12C11747FC500E76A8A /* AWindowThatDetectsShakes.m */ = {isa = PBXFileReference; fileEncoding = 4; lastKnownFileType = sourcecode.c.objc; path = AWindowThatDetectsShakes.m; sourceTree = "<group>"; };
		C0327FD211BBC450008A3591 /* FavoriteButton.png */ = {isa = PBXFileReference; lastKnownFileType = image.png; path = FavoriteButton.png; sourceTree = "<group>"; };
		C0327FD311BBC450008A3591 /* FavoriteSign.png */ = {isa = PBXFileReference; lastKnownFileType = image.png; path = FavoriteSign.png; sourceTree = "<group>"; };
		C0327FD411BBC450008A3591 /* ReshareButton.png */ = {isa = PBXFileReference; lastKnownFileType = image.png; path = ReshareButton.png; sourceTree = "<group>"; };
		C0327FD511BBC450008A3591 /* ReshareSign.png */ = {isa = PBXFileReference; lastKnownFileType = image.png; path = ReshareSign.png; sourceTree = "<group>"; };
		C032800E11BBD401008A3591 /* UserForSegmented.png */ = {isa = PBXFileReference; lastKnownFileType = image.png; path = UserForSegmented.png; sourceTree = "<group>"; };
		C032802111BBD83B008A3591 /* memeSemplice.png */ = {isa = PBXFileReference; lastKnownFileType = image.png; path = memeSemplice.png; sourceTree = "<group>"; };
		C033E31111B32B5400233505 /* BlackFlag.png */ = {isa = PBXFileReference; lastKnownFileType = image.png; path = BlackFlag.png; sourceTree = "<group>"; };
		C033E31211B32B5400233505 /* WhiteFlag.png */ = {isa = PBXFileReference; lastKnownFileType = image.png; path = WhiteFlag.png; sourceTree = "<group>"; };
		C03E6445115A560600CF2B91 /* AboutBox.h */ = {isa = PBXFileReference; fileEncoding = 4; lastKnownFileType = sourcecode.c.h; path = AboutBox.h; sourceTree = "<group>"; };
		C03E6446115A560600CF2B91 /* AboutBox.m */ = {isa = PBXFileReference; fileEncoding = 4; lastKnownFileType = sourcecode.c.objc; path = AboutBox.m; sourceTree = "<group>"; };
		C03E6447115A560600CF2B91 /* English */ = {isa = PBXFileReference; lastKnownFileType = file.xib; name = English; path = Classes/English.lproj/AboutBox.xib; sourceTree = "<group>"; };
		C045C045116F43DA00BEDCCC /* camera-verysmall.png */ = {isa = PBXFileReference; lastKnownFileType = image.png; path = "camera-verysmall.png"; sourceTree = "<group>"; };
		C045C04B116F453000BEDCCC /* video-verysmall.png */ = {isa = PBXFileReference; lastKnownFileType = image.png; path = "video-verysmall.png"; sourceTree = "<group>"; };
		C045C065116F57C300BEDCCC /* 02-redo.png */ = {isa = PBXFileReference; lastKnownFileType = image.png; path = "02-redo.png"; sourceTree = "<group>"; };
		C045C06B116F59B400BEDCCC /* link-verysmall.png */ = {isa = PBXFileReference; lastKnownFileType = image.png; path = "link-verysmall.png"; sourceTree = "<group>"; };
		C045C162116F6C8400BEDCCC /* MemeOnWeb.h */ = {isa = PBXFileReference; fileEncoding = 4; lastKnownFileType = sourcecode.c.h; path = MemeOnWeb.h; sourceTree = "<group>"; };
		C045C163116F6C8400BEDCCC /* MemeOnWeb.m */ = {isa = PBXFileReference; fileEncoding = 4; lastKnownFileType = sourcecode.c.objc; path = MemeOnWeb.m; sourceTree = "<group>"; };
		C045C164116F6C8400BEDCCC /* MemeOnWeb.xib */ = {isa = PBXFileReference; lastKnownFileType = file.xib; name = MemeOnWeb.xib; path = Classes/MemeOnWeb.xib; sourceTree = "<group>"; };
		C045C21F116F74F900BEDCCC /* UserDetail.h */ = {isa = PBXFileReference; fileEncoding = 4; lastKnownFileType = sourcecode.c.h; path = UserDetail.h; sourceTree = "<group>"; };
		C045C220116F74F900BEDCCC /* UserDetail.m */ = {isa = PBXFileReference; fileEncoding = 4; lastKnownFileType = sourcecode.c.objc; path = UserDetail.m; sourceTree = "<group>"; };
		C045C221116F74F900BEDCCC /* UserDetail.xib */ = {isa = PBXFileReference; lastKnownFileType = file.xib; name = UserDetail.xib; path = Classes/UserDetail.xib; sourceTree = "<group>"; };
		C045C274116F798600BEDCCC /* UserProfile.h */ = {isa = PBXFileReference; fileEncoding = 4; lastKnownFileType = sourcecode.c.h; path = UserProfile.h; sourceTree = "<group>"; };
		C045C275116F798600BEDCCC /* UserProfile.m */ = {isa = PBXFileReference; fileEncoding = 4; lastKnownFileType = sourcecode.c.objc; path = UserProfile.m; sourceTree = "<group>"; };
		C045C276116F798600BEDCCC /* UserProfile.xib */ = {isa = PBXFileReference; lastKnownFileType = file.xib; name = UserProfile.xib; path = Classes/UserProfile.xib; sourceTree = "<group>"; };
		C05188F011A016F700BA6F52 /* headerView.xib */ = {isa = PBXFileReference; lastKnownFileType = file.xib; name = headerView.xib; path = Classes/headerView.xib; sourceTree = "<group>"; };
		C053D3C71165DA91001AC0B6 /* WithFriendsController.h */ = {isa = PBXFileReference; fileEncoding = 4; lastKnownFileType = sourcecode.c.h; name = WithFriendsController.h; path = ../WithFriendsController.h; sourceTree = "<group>"; };
		C053D3C81165DA91001AC0B6 /* WithFriendsController.m */ = {isa = PBXFileReference; fileEncoding = 4; lastKnownFileType = sourcecode.c.objc; name = WithFriendsController.m; path = ../WithFriendsController.m; sourceTree = "<group>"; };
		C053D3C91165DA91001AC0B6 /* English */ = {isa = PBXFileReference; lastKnownFileType = file.xib; name = English; path = English.lproj/WithFriendsController.xib; sourceTree = "<group>"; };
		C0574FB911A67BD700572B73 /* Checkmark.png */ = {isa = PBXFileReference; lastKnownFileType = image.png; path = Checkmark.png; sourceTree = "<group>"; };
		C0574FC311A67CD300572B73 /* StartForSegmented.png */ = {isa = PBXFileReference; lastKnownFileType = image.png; path = StartForSegmented.png; sourceTree = "<group>"; };
		C06512521161F4E300B68198 /* CoreData.framework */ = {isa = PBXFileReference; lastKnownFileType = wrapper.framework; name = CoreData.framework; path = System/Library/Frameworks/CoreData.framework; sourceTree = SDKROOT; };
		C078B4A911BE8EB20048BC70 /* Meme.h */ = {isa = PBXFileReference; fileEncoding = 4; lastKnownFileType = sourcecode.c.h; path = Meme.h; sourceTree = "<group>"; };
		C078B4AA11BE8EB20048BC70 /* Meme.m */ = {isa = PBXFileReference; fileEncoding = 4; lastKnownFileType = sourcecode.c.objc; path = Meme.m; sourceTree = "<group>"; };
		C07ED92B1151429000311726 /* Icon.png */ = {isa = PBXFileReference; lastKnownFileType = image.png; path = Icon.png; sourceTree = "<group>"; };
		C07ED93A1151470A00311726 /* SettingsController.h */ = {isa = PBXFileReference; fileEncoding = 4; lastKnownFileType = sourcecode.c.h; path = SettingsController.h; sourceTree = "<group>"; };
		C07ED93B1151470A00311726 /* SettingsController.m */ = {isa = PBXFileReference; fileEncoding = 4; lastKnownFileType = sourcecode.c.objc; path = SettingsController.m; sourceTree = "<group>"; };
		C07ED93C1151470A00311726 /* English */ = {isa = PBXFileReference; lastKnownFileType = file.xib; name = English; path = Classes/English.lproj/SettingsController.xib; sourceTree = "<group>"; };
		C08DE7541188A1C00052237F /* icon-lock2.png */ = {isa = PBXFileReference; lastKnownFileType = image.png; path = "icon-lock2.png"; sourceTree = "<group>"; };
		C091860A11542D0D00C2C5A4 /* logo.png */ = {isa = PBXFileReference; lastKnownFileType = image.png; path = logo.png; sourceTree = "<group>"; };
		C091860E11542EC400C2C5A4 /* ToolBar-Meemi.png */ = {isa = PBXFileReference; lastKnownFileType = image.png; path = "ToolBar-Meemi.png"; sourceTree = "<group>"; };
		C0918610115431C600C2C5A4 /* 20-gear2.png */ = {isa = PBXFileReference; lastKnownFileType = image.png; path = "20-gear2.png"; sourceTree = "<group>"; };
		C0918625115438A000C2C5A4 /* Default.png */ = {isa = PBXFileReference; lastKnownFileType = image.png; path = Default.png; sourceTree = "<group>"; };
		C0918685115442BC00C2C5A4 /* ImageSender.h */ = {isa = PBXFileReference; fileEncoding = 4; lastKnownFileType = sourcecode.c.h; path = ImageSender.h; sourceTree = "<group>"; };
		C0918686115442BC00C2C5A4 /* ImageSender.m */ = {isa = PBXFileReference; fileEncoding = 4; lastKnownFileType = sourcecode.c.objc; path = ImageSender.m; sourceTree = "<group>"; };
		C0918687115442BC00C2C5A4 /* English */ = {isa = PBXFileReference; lastKnownFileType = file.xib; name = English; path = Classes/English.lproj/ImageSender.xib; sourceTree = "<group>"; };
		C0A1D54F11582F1200071314 /* CoreLocation.framework */ = {isa = PBXFileReference; lastKnownFileType = wrapper.framework; name = CoreLocation.framework; path = System/Library/Frameworks/CoreLocation.framework; sourceTree = SDKROOT; };
		C0A42C89125116F300FB5A3F /* fondino@2x.png */ = {isa = PBXFileReference; lastKnownFileType = image.png; path = "fondino@2x.png"; sourceTree = "<group>"; };
		C0A42C8B1251170A00FB5A3F /* Default@2x.png */ = {isa = PBXFileReference; lastKnownFileType = image.png; path = "Default@2x.png"; sourceTree = "<group>"; };
		C0A42C8E1251174100FB5A3F /* Icon-Small-50.png */ = {isa = PBXFileReference; lastKnownFileType = image.png; path = "Icon-Small-50.png"; sourceTree = "<group>"; };
		C0A42C8F1251174100FB5A3F /* Icon-Small.png */ = {isa = PBXFileReference; lastKnownFileType = image.png; path = "Icon-Small.png"; sourceTree = "<group>"; };
		C0A42C901251174100FB5A3F /* Icon-Small@2x.png */ = {isa = PBXFileReference; lastKnownFileType = image.png; path = "Icon-Small@2x.png"; sourceTree = "<group>"; };
		C0A42C911251174100FB5A3F /* Icon-72.png */ = {isa = PBXFileReference; lastKnownFileType = image.png; path = "Icon-72.png"; sourceTree = "<group>"; };
		C0A42C921251174100FB5A3F /* Icon@2x.png */ = {isa = PBXFileReference; lastKnownFileType = image.png; path = "Icon@2x.png"; sourceTree = "<group>"; };
		C0A42CA21251198C00FB5A3F /* ToolBar-Meemi@2x.png */ = {isa = PBXFileReference; lastKnownFileType = image.png; path = "ToolBar-Meemi@2x.png"; sourceTree = "<group>"; };
		C0A42CA41251199800FB5A3F /* 20-gear2@2x.png */ = {isa = PBXFileReference; lastKnownFileType = image.png; path = "20-gear2@2x.png"; sourceTree = "<group>"; };
		C0A42CA6125119A300FB5A3F /* video-verysmall@2x.png */ = {isa = PBXFileReference; lastKnownFileType = image.png; path = "video-verysmall@2x.png"; sourceTree = "<group>"; };
		C0A42CA7125119A300FB5A3F /* camera-verysmall@2x.png */ = {isa = PBXFileReference; lastKnownFileType = image.png; path = "camera-verysmall@2x.png"; sourceTree = "<group>"; };
		C0A42CAB125119B000FB5A3F /* 02-redo@2x.png */ = {isa = PBXFileReference; lastKnownFileType = image.png; path = "02-redo@2x.png"; sourceTree = "<group>"; };
		C0A42CAD125119B700FB5A3F /* link-verysmall@2x.png */ = {isa = PBXFileReference; lastKnownFileType = image.png; path = "link-verysmall@2x.png"; sourceTree = "<group>"; };
		C0A42CAF125119C100FB5A3F /* icon-lock2@2x.png */ = {isa = PBXFileReference; lastKnownFileType = image.png; path = "icon-lock2@2x.png"; sourceTree = "<group>"; };
		C0A42CB1125119C800FB5A3F /* memeSemplice@2x.png */ = {isa = PBXFileReference; lastKnownFileType = image.png; path = "memeSemplice@2x.png"; sourceTree = "<group>"; };
		C0A42CB3125119CE00FB5A3F /* star@2x.png */ = {isa = PBXFileReference; lastKnownFileType = image.png; path = "star@2x.png"; sourceTree = "<group>"; };
		C0A42CB5125119D500FB5A3F /* LockForSegmented@2x.png */ = {isa = PBXFileReference; lastKnownFileType = image.png; path = "LockForSegmented@2x.png"; sourceTree = "<group>"; };
		C0A42CB7125119DD00FB5A3F /* HomeForSegmented@2x.png */ = {isa = PBXFileReference; lastKnownFileType = image.png; path = "HomeForSegmented@2x.png"; sourceTree = "<group>"; };
		C0A42CB9125119E400FB5A3F /* Checkmark@2x.png */ = {isa = PBXFileReference; lastKnownFileType = image.png; path = "Checkmark@2x.png"; sourceTree = "<group>"; };
		C0A42CBB125119EB00FB5A3F /* StartForSegmented@2x.png */ = {isa = PBXFileReference; lastKnownFileType = image.png; path = "StartForSegmented@2x.png"; sourceTree = "<group>"; };
		C0A42CBD12511A1200FB5A3F /* WhiteFlag@2x.png */ = {isa = PBXFileReference; lastKnownFileType = image.png; path = "WhiteFlag@2x.png"; sourceTree = "<group>"; };
		C0A42CBF12511A1A00FB5A3F /* BlackFlag@2x.png */ = {isa = PBXFileReference; lastKnownFileType = image.png; path = "BlackFlag@2x.png"; sourceTree = "<group>"; };
		C0A42CC112511A2200FB5A3F /* magnifying-glass@2x.png */ = {isa = PBXFileReference; lastKnownFileType = image.png; path = "magnifying-glass@2x.png"; sourceTree = "<group>"; };
		C0A42CC312511A2A00FB5A3F /* ReshareSign@2x.png */ = {isa = PBXFileReference; lastKnownFileType = image.png; path = "ReshareSign@2x.png"; sourceTree = "<group>"; };
		C0A42CC512511A3200FB5A3F /* ReshareButton@2x.png */ = {isa = PBXFileReference; lastKnownFileType = image.png; path = "ReshareButton@2x.png"; sourceTree = "<group>"; };
		C0A42CC712511A3A00FB5A3F /* FavoriteSign@2x.png */ = {isa = PBXFileReference; lastKnownFileType = image.png; path = "FavoriteSign@2x.png"; sourceTree = "<group>"; };
		C0A42CC912511A4000FB5A3F /* FavoriteButton@2x.png */ = {isa = PBXFileReference; lastKnownFileType = image.png; path = "FavoriteButton@2x.png"; sourceTree = "<group>"; };
		C0A42CCB12511A4700FB5A3F /* UserForSegmented@2x.png */ = {isa = PBXFileReference; lastKnownFileType = image.png; path = "UserForSegmented@2x.png"; sourceTree = "<group>"; };
		C0A9C4E611A535CC0057F082 /* LoadAgainMemeCell.xib */ = {isa = PBXFileReference; lastKnownFileType = file.xib; path = LoadAgainMemeCell.xib; sourceTree = "<group>"; };
		C0B51D8711B94B22007C6662 /* UIImage+RoundedCorner.h */ = {isa = PBXFileReference; fileEncoding = 4; lastKnownFileType = sourcecode.c.h; path = "UIImage+RoundedCorner.h"; sourceTree = "<group>"; };
		C0B51D8811B94B22007C6662 /* UIImage+RoundedCorner.m */ = {isa = PBXFileReference; fileEncoding = 4; lastKnownFileType = sourcecode.c.objc; path = "UIImage+RoundedCorner.m"; sourceTree = "<group>"; };
		C0B51D9511B957CF007C6662 /* User.h */ = {isa = PBXFileReference; fileEncoding = 4; lastKnownFileType = sourcecode.c.h; path = User.h; sourceTree = "<group>"; };
		C0B51D9611B957CF007C6662 /* User.m */ = {isa = PBXFileReference; fileEncoding = 4; lastKnownFileType = sourcecode.c.objc; path = User.m; sourceTree = "<group>"; };
		C0BD043A11649D3800391138 /* Meme.xcdatamodel */ = {isa = PBXFileReference; fileEncoding = 4; lastKnownFileType = wrapper.xcdatamodel; path = Meme.xcdatamodel; sourceTree = "<group>"; };
		C0CE759E11771F3900A6BBC3 /* PostMeme.xib */ = {isa = PBXFileReference; lastKnownFileType = file.xib; path = PostMeme.xib; sourceTree = "<group>"; };
		C0D67CBE11592261009EA92B /* Entitlements.plist */ = {isa = PBXFileReference; fileEncoding = 4; lastKnownFileType = text.plist.xml; path = Entitlements.plist; sourceTree = "<group>"; };
		C0D67CC311592559009EA92B /* iTunesArtwork */ = {isa = PBXFileReference; lastKnownFileType = file; path = iTunesArtwork; sourceTree = "<group>"; };
		C0DDFCCC11CFAA2400C2AEA2 /* SFHFKeychainUtils.h */ = {isa = PBXFileReference; fileEncoding = 4; lastKnownFileType = sourcecode.c.h; path = SFHFKeychainUtils.h; sourceTree = "<group>"; };
		C0DDFCCD11CFAA2400C2AEA2 /* SFHFKeychainUtils.m */ = {isa = PBXFileReference; fileEncoding = 4; lastKnownFileType = sourcecode.c.objc; path = SFHFKeychainUtils.m; sourceTree = "<group>"; };
		C0DDFCD311CFAD2600C2AEA2 /* Security.framework */ = {isa = PBXFileReference; lastKnownFileType = wrapper.framework; name = Security.framework; path = /Users/gt86031/Documents/gtPrj/MacBuilds/iPhone/WorkingCopy/Meemi/iphoneos3.1/System/Library/Frameworks/Security.framework; sourceTree = "<absolute>"; };
		C0E620171152E12A00E6C079 /* ASIAuthenticationDialog.h */ = {isa = PBXFileReference; fileEncoding = 4; lastKnownFileType = sourcecode.c.h; name = ASIAuthenticationDialog.h; path = connections/ASIAuthenticationDialog.h; sourceTree = "<group>"; };
		C0E620181152E12A00E6C079 /* ASIAuthenticationDialog.m */ = {isa = PBXFileReference; fileEncoding = 4; lastKnownFileType = sourcecode.c.objc; name = ASIAuthenticationDialog.m; path = connections/ASIAuthenticationDialog.m; sourceTree = "<group>"; };
		C0E620191152E12A00E6C079 /* ASIFormDataRequest.h */ = {isa = PBXFileReference; fileEncoding = 4; lastKnownFileType = sourcecode.c.h; name = ASIFormDataRequest.h; path = connections/ASIFormDataRequest.h; sourceTree = "<group>"; };
		C0E6201A1152E12A00E6C079 /* ASIFormDataRequest.m */ = {isa = PBXFileReference; fileEncoding = 4; lastKnownFileType = sourcecode.c.objc; name = ASIFormDataRequest.m; path = connections/ASIFormDataRequest.m; sourceTree = "<group>"; };
		C0E6201B1152E12A00E6C079 /* ASIHTTPRequest.h */ = {isa = PBXFileReference; fileEncoding = 4; lastKnownFileType = sourcecode.c.h; name = ASIHTTPRequest.h; path = connections/ASIHTTPRequest.h; sourceTree = "<group>"; };
		C0E6201C1152E12A00E6C079 /* ASIHTTPRequest.m */ = {isa = PBXFileReference; fileEncoding = 4; lastKnownFileType = sourcecode.c.objc; name = ASIHTTPRequest.m; path = connections/ASIHTTPRequest.m; sourceTree = "<group>"; };
		C0E6201D1152E12A00E6C079 /* ASIHTTPRequestConfig.h */ = {isa = PBXFileReference; fileEncoding = 4; lastKnownFileType = sourcecode.c.h; name = ASIHTTPRequestConfig.h; path = connections/ASIHTTPRequestConfig.h; sourceTree = "<group>"; };
		C0E6201E1152E12A00E6C079 /* ASIInputStream.h */ = {isa = PBXFileReference; fileEncoding = 4; lastKnownFileType = sourcecode.c.h; name = ASIInputStream.h; path = connections/ASIInputStream.h; sourceTree = "<group>"; };
		C0E6201F1152E12A00E6C079 /* ASIInputStream.m */ = {isa = PBXFileReference; fileEncoding = 4; lastKnownFileType = sourcecode.c.objc; name = ASIInputStream.m; path = connections/ASIInputStream.m; sourceTree = "<group>"; };
		C0E620201152E12A00E6C079 /* ASINetworkQueue.h */ = {isa = PBXFileReference; fileEncoding = 4; lastKnownFileType = sourcecode.c.h; name = ASINetworkQueue.h; path = connections/ASINetworkQueue.h; sourceTree = "<group>"; };
		C0E620211152E12A00E6C079 /* ASINetworkQueue.m */ = {isa = PBXFileReference; fileEncoding = 4; lastKnownFileType = sourcecode.c.objc; name = ASINetworkQueue.m; path = connections/ASINetworkQueue.m; sourceTree = "<group>"; };
		C0E620221152E12A00E6C079 /* ASINSStringAdditions.h */ = {isa = PBXFileReference; fileEncoding = 4; lastKnownFileType = sourcecode.c.h; name = ASINSStringAdditions.h; path = connections/ASINSStringAdditions.h; sourceTree = "<group>"; };
		C0E620231152E12A00E6C079 /* ASINSStringAdditions.m */ = {isa = PBXFileReference; fileEncoding = 4; lastKnownFileType = sourcecode.c.objc; name = ASINSStringAdditions.m; path = connections/ASINSStringAdditions.m; sourceTree = "<group>"; };
		C0E620241152E12A00E6C079 /* Reachability.h */ = {isa = PBXFileReference; fileEncoding = 4; lastKnownFileType = sourcecode.c.h; name = Reachability.h; path = connections/Reachability.h; sourceTree = "<group>"; };
		C0E620251152E12A00E6C079 /* Reachability.m */ = {isa = PBXFileReference; fileEncoding = 4; lastKnownFileType = sourcecode.c.objc; name = Reachability.m; path = connections/Reachability.m; sourceTree = "<group>"; };
		C0E6202D1152E13E00E6C079 /* CFNetwork.framework */ = {isa = PBXFileReference; lastKnownFileType = wrapper.framework; name = CFNetwork.framework; path = System/Library/Frameworks/CFNetwork.framework; sourceTree = SDKROOT; };
		C0E6202F1152E14300E6C079 /* SystemConfiguration.framework */ = {isa = PBXFileReference; lastKnownFileType = wrapper.framework; name = SystemConfiguration.framework; path = System/Library/Frameworks/SystemConfiguration.framework; sourceTree = SDKROOT; };
		C0E620311152E15000E6C079 /* libz.1.2.3.dylib */ = {isa = PBXFileReference; lastKnownFileType = "compiled.mach-o.dylib"; name = libz.1.2.3.dylib; path = usr/lib/libz.1.2.3.dylib; sourceTree = SDKROOT; };
		C0E620411152E36800E6C079 /* Meemi.h */ = {isa = PBXFileReference; fileEncoding = 4; lastKnownFileType = sourcecode.c.h; path = Meemi.h; sourceTree = "<group>"; };
		C0E620421152E36800E6C079 /* Meemi.m */ = {isa = PBXFileReference; fileEncoding = 4; lastKnownFileType = sourcecode.c.objc; path = Meemi.m; sourceTree = "<group>"; };
		C0E620491152E4E100E6C079 /* MobileCoreServices.framework */ = {isa = PBXFileReference; lastKnownFileType = wrapper.framework; name = MobileCoreServices.framework; path = System/Library/Frameworks/MobileCoreServices.framework; sourceTree = SDKROOT; };
		C0F33EED11A696B400510AEE /* TableBreak.png */ = {isa = PBXFileReference; lastKnownFileType = image.png; path = TableBreak.png; sourceTree = "<group>"; };
		C0FB56821157B5DD003932F3 /* TextSender.h */ = {isa = PBXFileReference; fileEncoding = 4; lastKnownFileType = sourcecode.c.h; path = TextSender.h; sourceTree = "<group>"; };
		C0FB56831157B5DD003932F3 /* TextSender.m */ = {isa = PBXFileReference; fileEncoding = 4; lastKnownFileType = sourcecode.c.objc; path = TextSender.m; sourceTree = "<group>"; };
		C0FB56841157B5DD003932F3 /* English */ = {isa = PBXFileReference; lastKnownFileType = file.xib; name = English; path = Classes/English.lproj/TextSender.xib; sourceTree = "<group>"; };
		C0FCF60211D3AC750006879C /* Italian */ = {isa = PBXFileReference; lastKnownFileType = file.xib; name = Italian; path = Italian.lproj/WithFriendsController.xib; sourceTree = "<group>"; };
/* End PBXFileReference section */

/* Begin PBXFrameworksBuildPhase section */
		1D60588F0D05DD3D006BFB54 /* Frameworks */ = {
			isa = PBXFrameworksBuildPhase;
			buildActionMask = 2147483647;
			files = (
				1D60589F0D05DD5A006BFB54 /* Foundation.framework in Frameworks */,
				1DF5F4E00D08C38300B7A737 /* UIKit.framework in Frameworks */,
				288765080DF74369002DB57D /* CoreGraphics.framework in Frameworks */,
				C0E6202E1152E13E00E6C079 /* CFNetwork.framework in Frameworks */,
				C0E620301152E14300E6C079 /* SystemConfiguration.framework in Frameworks */,
				C0E620321152E15000E6C079 /* libz.1.2.3.dylib in Frameworks */,
				C0E6204A1152E4E100E6C079 /* MobileCoreServices.framework in Frameworks */,
				C0A1D55011582F1200071314 /* CoreLocation.framework in Frameworks */,
				C06512531161F4E300B68198 /* CoreData.framework in Frameworks */,
				C0DDFCD411CFAD2600C2AEA2 /* Security.framework in Frameworks */,
			);
			runOnlyForDeploymentPostprocessing = 0;
		};
/* End PBXFrameworksBuildPhase section */

/* Begin PBXGroup section */
		080E96DDFE201D6D7F000001 /* Classes */ = {
			isa = PBXGroup;
			children = (
				1D3623240D0F684500981E51 /* MeemiAppDelegate.h */,
				1D3623250D0F684500981E51 /* MeemiAppDelegate.m */,
				C07ED93A1151470A00311726 /* SettingsController.h */,
				C07ED93B1151470A00311726 /* SettingsController.m */,
				C0918685115442BC00C2C5A4 /* ImageSender.h */,
				C0918686115442BC00C2C5A4 /* ImageSender.m */,
				C0FB56821157B5DD003932F3 /* TextSender.h */,
				C0FB56831157B5DD003932F3 /* TextSender.m */,
				C053D3C71165DA91001AC0B6 /* WithFriendsController.h */,
				C053D3C81165DA91001AC0B6 /* WithFriendsController.m */,
				C03E6445115A560600CF2B91 /* AboutBox.h */,
				C03E6446115A560600CF2B91 /* AboutBox.m */,
				C045C162116F6C8400BEDCCC /* MemeOnWeb.h */,
				C045C163116F6C8400BEDCCC /* MemeOnWeb.m */,
				C045C21F116F74F900BEDCCC /* UserDetail.h */,
				C045C220116F74F900BEDCCC /* UserDetail.m */,
				C045C274116F798600BEDCCC /* UserProfile.h */,
				C045C275116F798600BEDCCC /* UserProfile.m */,
				C02AF12B11747FC500E76A8A /* AWindowThatDetectsShakes.h */,
				C02AF12C11747FC500E76A8A /* AWindowThatDetectsShakes.m */,
			);
			path = Classes;
			sourceTree = "<group>";
		};
		19C28FACFE9D520D11CA2CBB /* Products */ = {
			isa = PBXGroup;
			children = (
				1D6058910D05DD3D006BFB54 /* Meemi.app */,
			);
			name = Products;
			sourceTree = "<group>";
		};
		29B97314FDCFA39411CA2CEA /* Meemi */ = {
			isa = PBXGroup;
			children = (
				C0B51D8211B94B22007C6662 /* UIImage-categories */,
				C00DDA9911AD647900363B95 /* RegexKitLite */,
				C0A1BFFB117BC4EB0064AF2A /* Libs */,
				C0E620161152E11A00E6C079 /* Meemi API */,
				080E96DDFE201D6D7F000001 /* Classes */,
				29B97315FDCFA39411CA2CEA /* Other Sources */,
				C0881B5711650E2800A83951 /* Images */,
				29B97317FDCFA39411CA2CEA /* Resources */,
				29B97323FDCFA39411CA2CEA /* Frameworks */,
				19C28FACFE9D520D11CA2CBB /* Products */,
			);
			name = Meemi;
			sourceTree = "<group>";
		};
		29B97315FDCFA39411CA2CEA /* Other Sources */ = {
			isa = PBXGroup;
			children = (
				28A0AB4B0D9B1048005BE974 /* Meemi_Prefix.pch */,
				29B97316FDCFA39411CA2CEA /* main.m */,
			);
			name = "Other Sources";
			sourceTree = "<group>";
		};
		29B97317FDCFA39411CA2CEA /* Resources */ = {
			isa = PBXGroup;
			children = (
				C0D67CC311592559009EA92B /* iTunesArtwork */,
				8D1107310486CEB800E47090 /* Meemi-Info.plist */,
				C0D67CBE11592261009EA92B /* Entitlements.plist */,
				C01AEE2B11D2C6AC007009AD /* AboutBox.xib */,
				28AD73870D9D96C1002E5188 /* MainWindow.xib */,
				C01AEDC211D2C098007009AD /* SettingsController.xib */,
				C045C164116F6C8400BEDCCC /* MemeOnWeb.xib */,
				C01AEE0D11D2C40F007009AD /* ImageSender.xib */,
				C01AEE2511D2C615007009AD /* TextSender.xib */,
				C045C221116F74F900BEDCCC /* UserDetail.xib */,
				C045C276116F798600BEDCCC /* UserProfile.xib */,
				C0FCF60011D3AC6F0006879C /* WithFriendsController.xib */,
				C05188F011A016F700BA6F52 /* headerView.xib */,
				C0CE759E11771F3900A6BBC3 /* PostMeme.xib */,
				6443B081116B824200C16EEF /* MemeCell.xib */,
				C0A9C4E611A535CC0057F082 /* LoadAgainMemeCell.xib */,
				64A973E711D119B50082F60E /* Localizable.strings */,
			);
			name = Resources;
			sourceTree = "<group>";
		};
		29B97323FDCFA39411CA2CEA /* Frameworks */ = {
			isa = PBXGroup;
			children = (
				C0DDFCD311CFAD2600C2AEA2 /* Security.framework */,
				C06512521161F4E300B68198 /* CoreData.framework */,
				C0A1D54F11582F1200071314 /* CoreLocation.framework */,
				C0E620491152E4E100E6C079 /* MobileCoreServices.framework */,
				C0E6202D1152E13E00E6C079 /* CFNetwork.framework */,
				C0E6202F1152E14300E6C079 /* SystemConfiguration.framework */,
				C0E620311152E15000E6C079 /* libz.1.2.3.dylib */,
				1DF5F4DF0D08C38300B7A737 /* UIKit.framework */,
				1D30AB110D05D00D00671497 /* Foundation.framework */,
				288765070DF74369002DB57D /* CoreGraphics.framework */,
			);
			name = Frameworks;
			sourceTree = "<group>";
		};
		C00DDA9911AD647900363B95 /* RegexKitLite */ = {
			isa = PBXGroup;
			children = (
				C00DDAA211AD649000363B95 /* RegexKitLite.h */,
				C00DDAA311AD649000363B95 /* RegexKitLite.m */,
			);
			name = RegexKitLite;
			sourceTree = "<group>";
		};
		C0881B5711650E2800A83951 /* Images */ = {
			isa = PBXGroup;
			children = (
				C032800E11BBD401008A3591 /* UserForSegmented.png */,
				C0A42CCB12511A4700FB5A3F /* UserForSegmented@2x.png */,
				C0327FD211BBC450008A3591 /* FavoriteButton.png */,
				C0A42CC912511A4000FB5A3F /* FavoriteButton@2x.png */,
				C0327FD311BBC450008A3591 /* FavoriteSign.png */,
				C0A42CC712511A3A00FB5A3F /* FavoriteSign@2x.png */,
				C0327FD411BBC450008A3591 /* ReshareButton.png */,
				C0A42CC512511A3200FB5A3F /* ReshareButton@2x.png */,
				C0327FD511BBC450008A3591 /* ReshareSign.png */,
				C0A42CC312511A2A00FB5A3F /* ReshareSign@2x.png */,
				C00C6C3211B5C3FD00F55726 /* fondino.png */,
				C0A42C89125116F300FB5A3F /* fondino@2x.png */,
				64BA4A6C11B580A3003EE522 /* magnifying-glass.png */,
				C0A42CC112511A2200FB5A3F /* magnifying-glass@2x.png */,
				C033E31111B32B5400233505 /* BlackFlag.png */,
				C0A42CBF12511A1A00FB5A3F /* BlackFlag@2x.png */,
				C033E31211B32B5400233505 /* WhiteFlag.png */,
				C0A42CBD12511A1200FB5A3F /* WhiteFlag@2x.png */,
				C0256C8E11A8037900DF4706 /* Nothing.png */,
				C0F33EED11A696B400510AEE /* TableBreak.png */,
				C0574FC311A67CD300572B73 /* StartForSegmented.png */,
				C0A42CBB125119EB00FB5A3F /* StartForSegmented@2x.png */,
				C0574FB911A67BD700572B73 /* Checkmark.png */,
				C0A42CB9125119E400FB5A3F /* Checkmark@2x.png */,
				C00ACDCD119F31CC002C5CC0 /* HomeForSegmented.png */,
				C0A42CB7125119DD00FB5A3F /* HomeForSegmented@2x.png */,
				C00ACDAD119F2F3B002C5CC0 /* LockForSegmented.png */,
				C0A42CB5125119D500FB5A3F /* LockForSegmented@2x.png */,
				6467C6BC11907D3D00F86F0E /* star.png */,
				C0A42CB3125119CE00FB5A3F /* star@2x.png */,
				C032802111BBD83B008A3591 /* memeSemplice.png */,
				C0A42CB1125119C800FB5A3F /* memeSemplice@2x.png */,
				C08DE7541188A1C00052237F /* icon-lock2.png */,
				C0A42CAF125119C100FB5A3F /* icon-lock2@2x.png */,
				C045C06B116F59B400BEDCCC /* link-verysmall.png */,
				C0A42CAD125119B700FB5A3F /* link-verysmall@2x.png */,
				C045C065116F57C300BEDCCC /* 02-redo.png */,
				C0A42CAB125119B000FB5A3F /* 02-redo@2x.png */,
				C045C04B116F453000BEDCCC /* video-verysmall.png */,
				C0A42CA6125119A300FB5A3F /* video-verysmall@2x.png */,
				C045C045116F43DA00BEDCCC /* camera-verysmall.png */,
				C0A42CA7125119A300FB5A3F /* camera-verysmall@2x.png */,
				C0918610115431C600C2C5A4 /* 20-gear2.png */,
				C0A42CA41251199800FB5A3F /* 20-gear2@2x.png */,
				C091860E11542EC400C2C5A4 /* ToolBar-Meemi.png */,
				C0A42CA21251198C00FB5A3F /* ToolBar-Meemi@2x.png */,
				C091860A11542D0D00C2C5A4 /* logo.png */,
				C07ED92B1151429000311726 /* Icon.png */,
				C0A42C8E1251174100FB5A3F /* Icon-Small-50.png */,
				C0A42C8F1251174100FB5A3F /* Icon-Small.png */,
				C0A42C901251174100FB5A3F /* Icon-Small@2x.png */,
				C0A42C911251174100FB5A3F /* Icon-72.png */,
				C0A42C921251174100FB5A3F /* Icon@2x.png */,
				C0918625115438A000C2C5A4 /* Default.png */,
				C0A42C8B1251170A00FB5A3F /* Default@2x.png */,
			);
			name = Images;
			sourceTree = "<group>";
		};
		C0A1BFFB117BC4EB0064AF2A /* Libs */ = {
			isa = PBXGroup;
			children = (
				C0DDFCCC11CFAA2400C2AEA2 /* SFHFKeychainUtils.h */,
				C0DDFCCD11CFAA2400C2AEA2 /* SFHFKeychainUtils.m */,
				C0E620171152E12A00E6C079 /* ASIAuthenticationDialog.h */,
				C0E620181152E12A00E6C079 /* ASIAuthenticationDialog.m */,
				C0E620191152E12A00E6C079 /* ASIFormDataRequest.h */,
				C0E6201A1152E12A00E6C079 /* ASIFormDataRequest.m */,
				C0E6201B1152E12A00E6C079 /* ASIHTTPRequest.h */,
				C0E6201C1152E12A00E6C079 /* ASIHTTPRequest.m */,
				C0E6201D1152E12A00E6C079 /* ASIHTTPRequestConfig.h */,
				C0E6201E1152E12A00E6C079 /* ASIInputStream.h */,
				C0E6201F1152E12A00E6C079 /* ASIInputStream.m */,
				C0E620201152E12A00E6C079 /* ASINetworkQueue.h */,
				C0E620211152E12A00E6C079 /* ASINetworkQueue.m */,
				C0E620221152E12A00E6C079 /* ASINSStringAdditions.h */,
				C0E620231152E12A00E6C079 /* ASINSStringAdditions.m */,
				C0E620241152E12A00E6C079 /* Reachability.h */,
				C0E620251152E12A00E6C079 /* Reachability.m */,
			);
			name = Libs;
			sourceTree = "<group>";
		};
		C0B51D8211B94B22007C6662 /* UIImage-categories */ = {
			isa = PBXGroup;
			children = (
				C0B51D8711B94B22007C6662 /* UIImage+RoundedCorner.h */,
				C0B51D8811B94B22007C6662 /* UIImage+RoundedCorner.m */,
			);
			path = "UIImage-categories";
			sourceTree = "<group>";
		};
		C0E620161152E11A00E6C079 /* Meemi API */ = {
			isa = PBXGroup;
			children = (
				C078B4A911BE8EB20048BC70 /* Meme.h */,
				C078B4AA11BE8EB20048BC70 /* Meme.m */,
				C0B51D9511B957CF007C6662 /* User.h */,
				C0B51D9611B957CF007C6662 /* User.m */,
				C0BD043A11649D3800391138 /* Meme.xcdatamodel */,
				C0E620411152E36800E6C079 /* Meemi.h */,
				C0E620421152E36800E6C079 /* Meemi.m */,
			);
			name = "Meemi API";
			sourceTree = "<group>";
		};
/* End PBXGroup section */

/* Begin PBXNativeTarget section */
		1D6058900D05DD3D006BFB54 /* Meemi */ = {
			isa = PBXNativeTarget;
			buildConfigurationList = 1D6058960D05DD3E006BFB54 /* Build configuration list for PBXNativeTarget "Meemi" */;
			buildPhases = (
				1D60588D0D05DD3D006BFB54 /* Resources */,
				1D60588E0D05DD3D006BFB54 /* Sources */,
				1D60588F0D05DD3D006BFB54 /* Frameworks */,
			);
			buildRules = (
			);
			dependencies = (
			);
			name = Meemi;
			productName = Meemi;
			productReference = 1D6058910D05DD3D006BFB54 /* Meemi.app */;
			productType = "com.apple.product-type.application";
		};
/* End PBXNativeTarget section */

/* Begin PBXProject section */
		29B97313FDCFA39411CA2CEA /* Project object */ = {
			isa = PBXProject;
			attributes = {
				ORGANIZATIONNAME = ilTofa.it;
			};
			buildConfigurationList = C01FCF4E08A954540054247B /* Build configuration list for PBXProject "Meemi" */;
			compatibilityVersion = "Xcode 3.2";
			developmentRegion = English;
			hasScannedForEncodings = 1;
			knownRegions = (
				English,
				Japanese,
				French,
				German,
				Italian,
			);
			mainGroup = 29B97314FDCFA39411CA2CEA /* Meemi */;
			projectDirPath = "";
			projectRoot = "";
			targets = (
				1D6058900D05DD3D006BFB54 /* Meemi */,
			);
		};
/* End PBXProject section */

/* Begin PBXResourcesBuildPhase section */
		1D60588D0D05DD3D006BFB54 /* Resources */ = {
			isa = PBXResourcesBuildPhase;
			buildActionMask = 2147483647;
			files = (
				28AD73880D9D96C1002E5188 /* MainWindow.xib in Resources */,
				C07ED92C1151429000311726 /* Icon.png in Resources */,
				C01AEDC311D2C098007009AD /* SettingsController.xib in Resources */,
				C091860B11542D0D00C2C5A4 /* logo.png in Resources */,
				C091860F11542EC400C2C5A4 /* ToolBar-Meemi.png in Resources */,
				C0918611115431C600C2C5A4 /* 20-gear2.png in Resources */,
				C0918626115438A000C2C5A4 /* Default.png in Resources */,
				C01AEE0E11D2C40F007009AD /* ImageSender.xib in Resources */,
				C01AEE2611D2C615007009AD /* TextSender.xib in Resources */,
				C0D67CBF11592261009EA92B /* Entitlements.plist in Resources */,
				C0D67CC411592559009EA92B /* iTunesArtwork in Resources */,
				C01AEE2C11D2C6AC007009AD /* AboutBox.xib in Resources */,
				C0FCF60111D3AC6F0006879C /* WithFriendsController.xib in Resources */,
				6443B082116B824200C16EEF /* MemeCell.xib in Resources */,
				C045C046116F43DA00BEDCCC /* camera-verysmall.png in Resources */,
				C045C04C116F453000BEDCCC /* video-verysmall.png in Resources */,
				C045C066116F57C300BEDCCC /* 02-redo.png in Resources */,
				C045C06C116F59B400BEDCCC /* link-verysmall.png in Resources */,
				C045C166116F6C8400BEDCCC /* MemeOnWeb.xib in Resources */,
				C045C223116F74F900BEDCCC /* UserDetail.xib in Resources */,
				C045C278116F798600BEDCCC /* UserProfile.xib in Resources */,
				C0CE759F11771F3900A6BBC3 /* PostMeme.xib in Resources */,
				C08DE7551188A1C00052237F /* icon-lock2.png in Resources */,
				6467C6BD11907D3D00F86F0E /* star.png in Resources */,
				C00ACDAE119F2F3B002C5CC0 /* LockForSegmented.png in Resources */,
				C00ACDCE119F31CC002C5CC0 /* HomeForSegmented.png in Resources */,
				C05188F111A016F700BA6F52 /* headerView.xib in Resources */,
				C0A9C4E711A535CC0057F082 /* LoadAgainMemeCell.xib in Resources */,
				C0574FBA11A67BD700572B73 /* Checkmark.png in Resources */,
				C0574FC411A67CD300572B73 /* StartForSegmented.png in Resources */,
				C0F33EEE11A696B400510AEE /* TableBreak.png in Resources */,
				C0256C8F11A8037900DF4706 /* Nothing.png in Resources */,
				C033E31311B32B5400233505 /* BlackFlag.png in Resources */,
				C033E31411B32B5400233505 /* WhiteFlag.png in Resources */,
				64BA4A6D11B580A3003EE522 /* magnifying-glass.png in Resources */,
				C00C6C3311B5C3FD00F55726 /* fondino.png in Resources */,
				C0327FD611BBC450008A3591 /* FavoriteButton.png in Resources */,
				C0327FD711BBC450008A3591 /* FavoriteSign.png in Resources */,
				C0327FD811BBC450008A3591 /* ReshareButton.png in Resources */,
				C0327FD911BBC450008A3591 /* ReshareSign.png in Resources */,
				C032800F11BBD401008A3591 /* UserForSegmented.png in Resources */,
				C032802211BBD83B008A3591 /* memeSemplice.png in Resources */,
				64A973E811D119B50082F60E /* Localizable.strings in Resources */,
				C0A42C8A125116F400FB5A3F /* fondino@2x.png in Resources */,
				C0A42C8C1251170A00FB5A3F /* Default@2x.png in Resources */,
				C0A42C931251174100FB5A3F /* Icon-Small-50.png in Resources */,
				C0A42C941251174100FB5A3F /* Icon-Small.png in Resources */,
				C0A42C951251174100FB5A3F /* Icon-Small@2x.png in Resources */,
				C0A42C961251174100FB5A3F /* Icon-72.png in Resources */,
				C0A42C971251174100FB5A3F /* Icon@2x.png in Resources */,
				C0A42CA31251198C00FB5A3F /* ToolBar-Meemi@2x.png in Resources */,
				C0A42CA51251199800FB5A3F /* 20-gear2@2x.png in Resources */,
				C0A42CA8125119A300FB5A3F /* video-verysmall@2x.png in Resources */,
				C0A42CA9125119A300FB5A3F /* camera-verysmall@2x.png in Resources */,
				C0A42CAC125119B000FB5A3F /* 02-redo@2x.png in Resources */,
				C0A42CAE125119B700FB5A3F /* link-verysmall@2x.png in Resources */,
				C0A42CB0125119C100FB5A3F /* icon-lock2@2x.png in Resources */,
				C0A42CB2125119C800FB5A3F /* memeSemplice@2x.png in Resources */,
				C0A42CB4125119CE00FB5A3F /* star@2x.png in Resources */,
				C0A42CB6125119D500FB5A3F /* LockForSegmented@2x.png in Resources */,
				C0A42CB8125119DD00FB5A3F /* HomeForSegmented@2x.png in Resources */,
				C0A42CBA125119E400FB5A3F /* Checkmark@2x.png in Resources */,
				C0A42CBC125119EB00FB5A3F /* StartForSegmented@2x.png in Resources */,
				C0A42CBE12511A1200FB5A3F /* WhiteFlag@2x.png in Resources */,
				C0A42CC012511A1A00FB5A3F /* BlackFlag@2x.png in Resources */,
				C0A42CC212511A2200FB5A3F /* magnifying-glass@2x.png in Resources */,
				C0A42CC412511A2A00FB5A3F /* ReshareSign@2x.png in Resources */,
				C0A42CC612511A3200FB5A3F /* ReshareButton@2x.png in Resources */,
				C0A42CC812511A3A00FB5A3F /* FavoriteSign@2x.png in Resources */,
				C0A42CCA12511A4000FB5A3F /* FavoriteButton@2x.png in Resources */,
				C0A42CCC12511A4700FB5A3F /* UserForSegmented@2x.png in Resources */,
			);
			runOnlyForDeploymentPostprocessing = 0;
		};
/* End PBXResourcesBuildPhase section */

/* Begin PBXSourcesBuildPhase section */
		1D60588E0D05DD3D006BFB54 /* Sources */ = {
			isa = PBXSourcesBuildPhase;
			buildActionMask = 2147483647;
			files = (
				1D60589B0D05DD56006BFB54 /* main.m in Sources */,
				1D3623260D0F684500981E51 /* MeemiAppDelegate.m in Sources */,
				C07ED93D1151470A00311726 /* SettingsController.m in Sources */,
				C0E620261152E12A00E6C079 /* ASIAuthenticationDialog.m in Sources */,
				C0E620271152E12A00E6C079 /* ASIFormDataRequest.m in Sources */,
				C0E620281152E12A00E6C079 /* ASIHTTPRequest.m in Sources */,
				C0E620291152E12A00E6C079 /* ASIInputStream.m in Sources */,
				C0E6202A1152E12A00E6C079 /* ASINetworkQueue.m in Sources */,
				C0E6202B1152E12A00E6C079 /* ASINSStringAdditions.m in Sources */,
				C0E6202C1152E12A00E6C079 /* Reachability.m in Sources */,
				C0E620431152E36800E6C079 /* Meemi.m in Sources */,
				C0918688115442BC00C2C5A4 /* ImageSender.m in Sources */,
				C0FB56851157B5DD003932F3 /* TextSender.m in Sources */,
				C03E6448115A560600CF2B91 /* AboutBox.m in Sources */,
				C0BD043B11649D3800391138 /* Meme.xcdatamodel in Sources */,
				C053D3CA1165DA91001AC0B6 /* WithFriendsController.m in Sources */,
				C045C165116F6C8400BEDCCC /* MemeOnWeb.m in Sources */,
				C045C222116F74F900BEDCCC /* UserDetail.m in Sources */,
				C045C277116F798600BEDCCC /* UserProfile.m in Sources */,
				C02AF12D11747FC500E76A8A /* AWindowThatDetectsShakes.m in Sources */,
				C00DDAA411AD649000363B95 /* RegexKitLite.m in Sources */,
				C0B51D8B11B94B22007C6662 /* UIImage+RoundedCorner.m in Sources */,
				C0B51D9711B957CF007C6662 /* User.m in Sources */,
				C078B4AB11BE8EB20048BC70 /* Meme.m in Sources */,
				C0DDFCCE11CFAA2400C2AEA2 /* SFHFKeychainUtils.m in Sources */,
			);
			runOnlyForDeploymentPostprocessing = 0;
		};
/* End PBXSourcesBuildPhase section */

/* Begin PBXVariantGroup section */
		64A973E711D119B50082F60E /* Localizable.strings */ = {
			isa = PBXVariantGroup;
			children = (
				64A973E411D119970082F60E /* English */,
				64A973E911D119C00082F60E /* Italian */,
			);
			name = Localizable.strings;
			sourceTree = "<group>";
		};
		C01AEDC211D2C098007009AD /* SettingsController.xib */ = {
			isa = PBXVariantGroup;
			children = (
				C07ED93C1151470A00311726 /* English */,
				C01AEDC411D2C0A0007009AD /* Italian */,
			);
			name = SettingsController.xib;
			sourceTree = "<group>";
		};
		C01AEE0D11D2C40F007009AD /* ImageSender.xib */ = {
			isa = PBXVariantGroup;
			children = (
				C0918687115442BC00C2C5A4 /* English */,
				C01AEE0F11D2C416007009AD /* Italian */,
			);
			name = ImageSender.xib;
			sourceTree = "<group>";
		};
		C01AEE2511D2C615007009AD /* TextSender.xib */ = {
			isa = PBXVariantGroup;
			children = (
				C0FB56841157B5DD003932F3 /* English */,
				C01AEE2711D2C61C007009AD /* Italian */,
			);
			name = TextSender.xib;
			sourceTree = "<group>";
		};
		C01AEE2B11D2C6AC007009AD /* AboutBox.xib */ = {
			isa = PBXVariantGroup;
			children = (
				C03E6447115A560600CF2B91 /* English */,
				C01AEE2D11D2C6B3007009AD /* Italian */,
			);
			name = AboutBox.xib;
			sourceTree = "<group>";
		};
		C0FCF60011D3AC6F0006879C /* WithFriendsController.xib */ = {
			isa = PBXVariantGroup;
			children = (
				C053D3C91165DA91001AC0B6 /* English */,
				C0FCF60211D3AC750006879C /* Italian */,
			);
			name = WithFriendsController.xib;
			sourceTree = "<group>";
		};
/* End PBXVariantGroup section */

/* Begin XCBuildConfiguration section */
		1D6058940D05DD3E006BFB54 /* Debug */ = {
			isa = XCBuildConfiguration;
			buildSettings = {
				ALWAYS_SEARCH_USER_PATHS = NO;
				ARCHS = "$(ARCHS_UNIVERSAL_IPHONE_OS)";
				"CODE_SIGN_IDENTITY[sdk=iphoneos*]" = "iPhone Developer: Giacomo Tufano (68RHGP4K2S)";
				COPY_PHASE_STRIP = NO;
				GCC_DYNAMIC_NO_PIC = NO;
				GCC_OPTIMIZATION_LEVEL = 0;
				GCC_PRECOMPILE_PREFIX_HEADER = YES;
				GCC_PREFIX_HEADER = Meemi_Prefix.pch;
				INFOPLIST_FILE = "Meemi-Info.plist";
				IPHONEOS_DEPLOYMENT_TARGET = 3.1;
				LIBRARY_SEARCH_PATHS = "$(inherited)";
				OTHER_CFLAGS = "-DDEBUG";
				PRODUCT_NAME = Meemi;
				SDKROOT = iphoneos4.1;
			};
			name = Debug;
		};
		1D6058950D05DD3E006BFB54 /* Release */ = {
			isa = XCBuildConfiguration;
			buildSettings = {
				ALWAYS_SEARCH_USER_PATHS = NO;
				ARCHS = "$(ARCHS_STANDARD_32_BIT)";
				"CODE_SIGN_IDENTITY[sdk=iphoneos*]" = "iPhone Developer";
				COPY_PHASE_STRIP = YES;
				GCC_PRECOMPILE_PREFIX_HEADER = YES;
				GCC_PREFIX_HEADER = Meemi_Prefix.pch;
				INFOPLIST_FILE = "Meemi-Info.plist";
				IPHONEOS_DEPLOYMENT_TARGET = 4.0;
				LIBRARY_SEARCH_PATHS = "$(inherited)";
				PRODUCT_NAME = Meemi;
				"PROVISIONING_PROFILE[sdk=iphoneos*]" = "";
				SDKROOT = iphoneos4.1;
			};
			name = Release;
		};
		C01FCF4F08A954540054247B /* Debug */ = {
			isa = XCBuildConfiguration;
			buildSettings = {
				ARCHS = "$(ARCHS_STANDARD_32_BIT)";
				"CODE_SIGN_IDENTITY[sdk=iphoneos*]" = "iPhone Developer: Giacomo Tufano (68RHGP4K2S)";
				GCC_C_LANGUAGE_STANDARD = c99;
				GCC_WARN_ABOUT_RETURN_TYPE = YES;
				GCC_WARN_UNUSED_VARIABLE = YES;
				IPHONEOS_DEPLOYMENT_TARGET = 3.1;
				OTHER_LDFLAGS = "-licucore";
				PREBINDING = NO;
				SDKROOT = iphoneos4.1;
			};
			name = Debug;
		};
		C01FCF5008A954540054247B /* Release */ = {
			isa = XCBuildConfiguration;
			buildSettings = {
				ARCHS = "$(ARCHS_UNIVERSAL_IPHONE_OS)";
				"CODE_SIGN_IDENTITY[sdk=iphoneos*]" = "iPhone Developer: Giacomo Tufano";
				GCC_C_LANGUAGE_STANDARD = c99;
				GCC_WARN_ABOUT_RETURN_TYPE = YES;
				GCC_WARN_UNUSED_VARIABLE = YES;
				IPHONEOS_DEPLOYMENT_TARGET = 3.1;
				OTHER_LDFLAGS = "-licucore";
				PREBINDING = NO;
				"PROVISIONING_PROFILE[sdk=iphoneos*]" = "120C4DAD-3082-48A5-AA57-75F027C92EBA";
				SDKROOT = iphoneos4.1;
			};
			name = Release;
		};
		C039B16011D51B200008C6CD /* Distribution */ = {
			isa = XCBuildConfiguration;
			buildSettings = {
				ARCHS = "$(ARCHS_UNIVERSAL_IPHONE_OS)";
				"CODE_SIGN_IDENTITY[sdk=iphoneos*]" = "iPhone Developer: Giacomo Tufano";
				GCC_C_LANGUAGE_STANDARD = c99;
				GCC_WARN_ABOUT_RETURN_TYPE = YES;
				GCC_WARN_UNUSED_VARIABLE = YES;
				IPHONEOS_DEPLOYMENT_TARGET = 3.1;
				OTHER_LDFLAGS = "-licucore";
				PREBINDING = NO;
				"PROVISIONING_PROFILE[sdk=iphoneos*]" = "120C4DAD-3082-48A5-AA57-75F027C92EBA";
				SDKROOT = iphoneos4.1;
			};
			name = Distribution;
		};
		C039B16111D51B200008C6CD /* Distribution */ = {
			isa = XCBuildConfiguration;
			buildSettings = {
				ALWAYS_SEARCH_USER_PATHS = NO;
				ARCHS = "$(ARCHS_STANDARD_32_BIT)";
				"CODE_SIGN_IDENTITY[sdk=iphoneos*]" = "iPhone Distribution: Giacomo Tufano";
				COPY_PHASE_STRIP = YES;
				GCC_PRECOMPILE_PREFIX_HEADER = YES;
				GCC_PREFIX_HEADER = Meemi_Prefix.pch;
				INFOPLIST_FILE = "Meemi-Info.plist";
				IPHONEOS_DEPLOYMENT_TARGET = 3.1;
				LIBRARY_SEARCH_PATHS = "$(inherited)";
				PRODUCT_NAME = Meemi;
				"PROVISIONING_PROFILE[sdk=iphoneos*]" = "5FD5166C-6A5F-4E76-8619-4BD0358005F6";
				SDKROOT = iphoneos4.1;
			};
			name = Distribution;
		};
		C0D67CAF115921F8009EA92B /* Ad-Hoc */ = {
			isa = XCBuildConfiguration;
			buildSettings = {
				ARCHS = "$(ARCHS_STANDARD_32_BIT)";
				"CODE_SIGN_IDENTITY[sdk=iphoneos*]" = "iPhone Distribution";
				GCC_C_LANGUAGE_STANDARD = c99;
				GCC_WARN_ABOUT_RETURN_TYPE = YES;
				GCC_WARN_UNUSED_VARIABLE = YES;
				IPHONEOS_DEPLOYMENT_TARGET = 3.1;
				OTHER_LDFLAGS = "-licucore";
				PREBINDING = NO;
				"PROVISIONING_PROFILE[sdk=iphoneos*]" = "";
				SDKROOT = iphoneos4.1;
				VALIDATE_PRODUCT = YES;
			};
			name = "Ad-Hoc";
		};
		C0D67CB0115921F8009EA92B /* Ad-Hoc */ = {
			isa = XCBuildConfiguration;
			buildSettings = {
				ALWAYS_SEARCH_USER_PATHS = NO;
				ARCHS = "$(ARCHS_STANDARD_32_BIT)";
				CODE_SIGN_ENTITLEMENTS = Entitlements.plist;
				"CODE_SIGN_IDENTITY[sdk=iphoneos*]" = "iPhone Distribution";
				COPY_PHASE_STRIP = YES;
				GCC_PRECOMPILE_PREFIX_HEADER = YES;
				GCC_PREFIX_HEADER = Meemi_Prefix.pch;
				INFOPLIST_FILE = "Meemi-Info.plist";
				IPHONEOS_DEPLOYMENT_TARGET = 3.1;
				LIBRARY_SEARCH_PATHS = "$(inherited)";
				PRODUCT_NAME = Meemi;
				"PROVISIONING_PROFILE[sdk=iphoneos*]" = "";
				SDKROOT = iphoneos4.1;
				VALIDATE_PRODUCT = YES;
			};
			name = "Ad-Hoc";
		};
/* End XCBuildConfiguration section */

/* Begin XCConfigurationList section */
		1D6058960D05DD3E006BFB54 /* Build configuration list for PBXNativeTarget "Meemi" */ = {
			isa = XCConfigurationList;
			buildConfigurations = (
				1D6058940D05DD3E006BFB54 /* Debug */,
				1D6058950D05DD3E006BFB54 /* Release */,
				C039B16111D51B200008C6CD /* Distribution */,
				C0D67CB0115921F8009EA92B /* Ad-Hoc */,
			);
			defaultConfigurationIsVisible = 0;
			defaultConfigurationName = Release;
		};
		C01FCF4E08A954540054247B /* Build configuration list for PBXProject "Meemi" */ = {
			isa = XCConfigurationList;
			buildConfigurations = (
				C01FCF4F08A954540054247B /* Debug */,
				C01FCF5008A954540054247B /* Release */,
				C039B16011D51B200008C6CD /* Distribution */,
				C0D67CAF115921F8009EA92B /* Ad-Hoc */,
			);
			defaultConfigurationIsVisible = 0;
			defaultConfigurationName = Release;
		};
/* End XCConfigurationList section */
	};
	rootObject = 29B97313FDCFA39411CA2CEA /* Project object */;
}
